
Microsoft Visual Studio Solution File, Format Version 10.00
# Visual C++ Express 2008
Project("{8BC9CEB8-8B4A-11D0-8D11-00A0C91BC942}") = "kg_dag_walk", "kg_dag_walk.vcproj", "{4DAC5A37-361A-4046-A644-8132C8ADA210}"
EndProject
Global
	GlobalSection(SolutionConfigurationPlatforms) = preSolution
		Debug|Win32 = Debug|Win32
		Release|Win32 = Release|Win32
	EndGlobalSection
	GlobalSection(ProjectConfigurationPlatforms) = postSolution
		{4DAC5A37-361A-4046-A644-8132C8ADA210}.Debug|Win32.ActiveCfg = Debug|Win32
		{4DAC5A37-361A-4046-A644-8132C8ADA210}.Debug|Win32.Build.0 = Debug|Win32
		{4DAC5A37-361A-4046-A644-8132C8ADA210}.Release|Win32.ActiveCfg = Release|Win32
		{4DAC5A37-361A-4046-A644-8132C8ADA210}.Release|Win32.Build.0 = Release|Win32
	EndGlobalSection
	GlobalSection(SolutionProperties) = preSolution
		HideSolutionNode = FALSE
	EndGlobalSection
EndGlobal
